// !$*UTF8*$!
{
	archiveVersion = 1;
	classes = {
	};
	objectVersion = 56;
	objects = {

/* Begin PBXBuildFile section */
		F771196A2BE9F3D400C2006A /* MessengerApp.swift in Sources */ = {isa = PBXBuildFile; fileRef = F77119692BE9F3D400C2006A /* MessengerApp.swift */; };
		F771196C2BE9F3D400C2006A /* ContentView.swift in Sources */ = {isa = PBXBuildFile; fileRef = F771196B2BE9F3D400C2006A /* ContentView.swift */; };
		F771196E2BE9F3D500C2006A /* Assets.xcassets in Resources */ = {isa = PBXBuildFile; fileRef = F771196D2BE9F3D500C2006A /* Assets.xcassets */; };
		F77119712BE9F3D500C2006A /* Preview Assets.xcassets in Resources */ = {isa = PBXBuildFile; fileRef = F77119702BE9F3D500C2006A /* Preview Assets.xcassets */; };
		F77119802BE9F48C00C2006A /* LoginView.swift in Sources */ = {isa = PBXBuildFile; fileRef = F771197F2BE9F48C00C2006A /* LoginView.swift */; };
		F771A5CA2BEDF9CA0074D9CF /* NewMessageView.swift in Sources */ = {isa = PBXBuildFile; fileRef = F771A5C92BEDF9CA0074D9CF /* NewMessageView.swift */; };
		F771A5D02BEE00B70074D9CF /* ProfileView.swift in Sources */ = {isa = PBXBuildFile; fileRef = F771A5CF2BEE00B70074D9CF /* ProfileView.swift */; };
		F771A5D22BEE03480074D9CF /* SettingsOptionsViewModel.swift in Sources */ = {isa = PBXBuildFile; fileRef = F771A5D12BEE03480074D9CF /* SettingsOptionsViewModel.swift */; };
		F771A5D42BEE1AE80074D9CF /* ProfileViewModel.swift in Sources */ = {isa = PBXBuildFile; fileRef = F771A5D32BEE1AE80074D9CF /* ProfileViewModel.swift */; };
		F775C0B72BEB56F000DACED2 /* ResgistrationView.swift in Sources */ = {isa = PBXBuildFile; fileRef = F775C0B62BEB56F000DACED2 /* ResgistrationView.swift */; };
		F775C0BA2BEB6C4600DACED2 /* InboxView.swift in Sources */ = {isa = PBXBuildFile; fileRef = F775C0B92BEB6C4600DACED2 /* InboxView.swift */; };
		F775C0BD2BEB6FAF00DACED2 /* ActiveNowView.swift in Sources */ = {isa = PBXBuildFile; fileRef = F775C0BC2BEB6FAF00DACED2 /* ActiveNowView.swift */; };
		F775C0BF2BEB71C100DACED2 /* InboxRowView.swift in Sources */ = {isa = PBXBuildFile; fileRef = F775C0BE2BEB71C100DACED2 /* InboxRowView.swift */; };
		F77A8FCE2BEFAB35006FE227 /* ContentViewModel.swift in Sources */ = {isa = PBXBuildFile; fileRef = F77A8FCD2BEFAB35006FE227 /* ContentViewModel.swift */; };
		F77A8FD02BF0AAAB006FE227 /* UserService.swift in Sources */ = {isa = PBXBuildFile; fileRef = F77A8FCF2BF0AAAB006FE227 /* UserService.swift */; };
		F77A8FD42BF0C518006FE227 /* InboxViewModel.swift in Sources */ = {isa = PBXBuildFile; fileRef = F77A8FD32BF0C518006FE227 /* InboxViewModel.swift */; };
		F77A8FD82BF1F314006FE227 /* NewMessageViewModel.swift in Sources */ = {isa = PBXBuildFile; fileRef = F77A8FD72BF1F314006FE227 /* NewMessageViewModel.swift */; };
		F7CBBCF42BEF32CC009B4EAE /* ChatView.swift in Sources */ = {isa = PBXBuildFile; fileRef = F7CBBCF32BEF32CC009B4EAE /* ChatView.swift */; };
		F7CBBCF62BEF37FE009B4EAE /* ChatMessageCell.swift in Sources */ = {isa = PBXBuildFile; fileRef = F7CBBCF52BEF37FE009B4EAE /* ChatMessageCell.swift */; };
		F7CBBCF82BEF3B83009B4EAE /* ChatBubble.swift in Sources */ = {isa = PBXBuildFile; fileRef = F7CBBCF72BEF3B83009B4EAE /* ChatBubble.swift */; };
		F7CBBCFA2BEF47F6009B4EAE /* GoogleService-Info.plist in Resources */ = {isa = PBXBuildFile; fileRef = F7CBBCF92BEF47F6009B4EAE /* GoogleService-Info.plist */; };
		F7CBBCFD2BEF4934009B4EAE /* FirebaseAuth in Frameworks */ = {isa = PBXBuildFile; productRef = F7CBBCFC2BEF4934009B4EAE /* FirebaseAuth */; };
		F7CBBCFF2BEF4934009B4EAE /* FirebaseFirestore in Frameworks */ = {isa = PBXBuildFile; productRef = F7CBBCFE2BEF4934009B4EAE /* FirebaseFirestore */; };
		F7CBBD012BEF4934009B4EAE /* FirebaseFirestoreSwift in Frameworks */ = {isa = PBXBuildFile; productRef = F7CBBD002BEF4934009B4EAE /* FirebaseFirestoreSwift */; };
		F7CBBD032BEF4934009B4EAE /* FirebaseStorage in Frameworks */ = {isa = PBXBuildFile; productRef = F7CBBD022BEF4934009B4EAE /* FirebaseStorage */; };
		F7CBBD072BEF4A8F009B4EAE /* LoginViewModel.swift in Sources */ = {isa = PBXBuildFile; fileRef = F7CBBD062BEF4A8F009B4EAE /* LoginViewModel.swift */; };
		F7CBBD092BEF4AA1009B4EAE /* RegistrationViewModel.swift in Sources */ = {isa = PBXBuildFile; fileRef = F7CBBD082BEF4AA1009B4EAE /* RegistrationViewModel.swift */; };
		F7CBBD0B2BEF4AAE009B4EAE /* AuthService.swift in Sources */ = {isa = PBXBuildFile; fileRef = F7CBBD0A2BEF4AAE009B4EAE /* AuthService.swift */; };
		F7D96C592BEE65EE008ACFFB /* User.swift in Sources */ = {isa = PBXBuildFile; fileRef = F7D96C582BEE65EE008ACFFB /* User.swift */; };
		F7D96C5C2BEE6B67008ACFFB /* CircularProfileImageView.swift in Sources */ = {isa = PBXBuildFile; fileRef = F7D96C5B2BEE6B67008ACFFB /* CircularProfileImageView.swift */; };
/* End PBXBuildFile section */

/* Begin PBXFileReference section */
		F77119662BE9F3D400C2006A /* Messenger.app */ = {isa = PBXFileReference; explicitFileType = wrapper.application; includeInIndex = 0; path = Messenger.app; sourceTree = BUILT_PRODUCTS_DIR; };
		F77119692BE9F3D400C2006A /* MessengerApp.swift */ = {isa = PBXFileReference; lastKnownFileType = sourcecode.swift; path = MessengerApp.swift; sourceTree = "<group>"; };
		F771196B2BE9F3D400C2006A /* ContentView.swift */ = {isa = PBXFileReference; lastKnownFileType = sourcecode.swift; path = ContentView.swift; sourceTree = "<group>"; };
		F771196D2BE9F3D500C2006A /* Assets.xcassets */ = {isa = PBXFileReference; lastKnownFileType = folder.assetcatalog; path = Assets.xcassets; sourceTree = "<group>"; };
		F77119702BE9F3D500C2006A /* Preview Assets.xcassets */ = {isa = PBXFileReference; lastKnownFileType = folder.assetcatalog; path = "Preview Assets.xcassets"; sourceTree = "<group>"; };
		F771197F2BE9F48C00C2006A /* LoginView.swift */ = {isa = PBXFileReference; lastKnownFileType = sourcecode.swift; path = LoginView.swift; sourceTree = "<group>"; };
		F771A5C92BEDF9CA0074D9CF /* NewMessageView.swift */ = {isa = PBXFileReference; lastKnownFileType = sourcecode.swift; path = NewMessageView.swift; sourceTree = "<group>"; };
		F771A5CF2BEE00B70074D9CF /* ProfileView.swift */ = {isa = PBXFileReference; lastKnownFileType = sourcecode.swift; path = ProfileView.swift; sourceTree = "<group>"; };
		F771A5D12BEE03480074D9CF /* SettingsOptionsViewModel.swift */ = {isa = PBXFileReference; lastKnownFileType = sourcecode.swift; path = SettingsOptionsViewModel.swift; sourceTree = "<group>"; };
		F771A5D32BEE1AE80074D9CF /* ProfileViewModel.swift */ = {isa = PBXFileReference; lastKnownFileType = sourcecode.swift; path = ProfileViewModel.swift; sourceTree = "<group>"; };
		F775C0B62BEB56F000DACED2 /* ResgistrationView.swift */ = {isa = PBXFileReference; lastKnownFileType = sourcecode.swift; path = ResgistrationView.swift; sourceTree = "<group>"; };
		F775C0B92BEB6C4600DACED2 /* InboxView.swift */ = {isa = PBXFileReference; lastKnownFileType = sourcecode.swift; path = InboxView.swift; sourceTree = "<group>"; };
		F775C0BC2BEB6FAF00DACED2 /* ActiveNowView.swift */ = {isa = PBXFileReference; lastKnownFileType = sourcecode.swift; path = ActiveNowView.swift; sourceTree = "<group>"; };
		F775C0BE2BEB71C100DACED2 /* InboxRowView.swift */ = {isa = PBXFileReference; lastKnownFileType = sourcecode.swift; path = InboxRowView.swift; sourceTree = "<group>"; };
		F77A8FCD2BEFAB35006FE227 /* ContentViewModel.swift */ = {isa = PBXFileReference; lastKnownFileType = sourcecode.swift; path = ContentViewModel.swift; sourceTree = "<group>"; };
		F77A8FCF2BF0AAAB006FE227 /* UserService.swift */ = {isa = PBXFileReference; lastKnownFileType = sourcecode.swift; path = UserService.swift; sourceTree = "<group>"; };
		F77A8FD32BF0C518006FE227 /* InboxViewModel.swift */ = {isa = PBXFileReference; lastKnownFileType = sourcecode.swift; path = InboxViewModel.swift; sourceTree = "<group>"; };
		F77A8FD72BF1F314006FE227 /* NewMessageViewModel.swift */ = {isa = PBXFileReference; lastKnownFileType = sourcecode.swift; path = NewMessageViewModel.swift; sourceTree = "<group>"; };
		F7CBBCF32BEF32CC009B4EAE /* ChatView.swift */ = {isa = PBXFileReference; lastKnownFileType = sourcecode.swift; path = ChatView.swift; sourceTree = "<group>"; };
		F7CBBCF52BEF37FE009B4EAE /* ChatMessageCell.swift */ = {isa = PBXFileReference; lastKnownFileType = sourcecode.swift; path = ChatMessageCell.swift; sourceTree = "<group>"; };
		F7CBBCF72BEF3B83009B4EAE /* ChatBubble.swift */ = {isa = PBXFileReference; lastKnownFileType = sourcecode.swift; path = ChatBubble.swift; sourceTree = "<group>"; };
		F7CBBCF92BEF47F6009B4EAE /* GoogleService-Info.plist */ = {isa = PBXFileReference; fileEncoding = 4; lastKnownFileType = text.plist.xml; path = "GoogleService-Info.plist"; sourceTree = "<group>"; };
		F7CBBD062BEF4A8F009B4EAE /* LoginViewModel.swift */ = {isa = PBXFileReference; lastKnownFileType = sourcecode.swift; path = LoginViewModel.swift; sourceTree = "<group>"; };
		F7CBBD082BEF4AA1009B4EAE /* RegistrationViewModel.swift */ = {isa = PBXFileReference; lastKnownFileType = sourcecode.swift; path = RegistrationViewModel.swift; sourceTree = "<group>"; };
		F7CBBD0A2BEF4AAE009B4EAE /* AuthService.swift */ = {isa = PBXFileReference; lastKnownFileType = sourcecode.swift; path = AuthService.swift; sourceTree = "<group>"; };
		F7D96C582BEE65EE008ACFFB /* User.swift */ = {isa = PBXFileReference; lastKnownFileType = sourcecode.swift; path = User.swift; sourceTree = "<group>"; };
		F7D96C5B2BEE6B67008ACFFB /* CircularProfileImageView.swift */ = {isa = PBXFileReference; lastKnownFileType = sourcecode.swift; path = CircularProfileImageView.swift; sourceTree = "<group>"; };
/* End PBXFileReference section */

/* Begin PBXFrameworksBuildPhase section */
		F77119632BE9F3D400C2006A /* Frameworks */ = {
			isa = PBXFrameworksBuildPhase;
			buildActionMask = 2147483647;
			files = (
				F7CBBCFD2BEF4934009B4EAE /* FirebaseAuth in Frameworks */,
				F7CBBD032BEF4934009B4EAE /* FirebaseStorage in Frameworks */,
				F7CBBCFF2BEF4934009B4EAE /* FirebaseFirestore in Frameworks */,
				F7CBBD012BEF4934009B4EAE /* FirebaseFirestoreSwift in Frameworks */,
			);
			runOnlyForDeploymentPostprocessing = 0;
		};
/* End PBXFrameworksBuildPhase section */

/* Begin PBXGroup section */
		F771195D2BE9F3D400C2006A = {
			isa = PBXGroup;
			children = (
				F77119682BE9F3D400C2006A /* Messenger */,
				F77119672BE9F3D400C2006A /* Products */,
			);
			sourceTree = "<group>";
		};
		F77119672BE9F3D400C2006A /* Products */ = {
			isa = PBXGroup;
			children = (
				F77119662BE9F3D400C2006A /* Messenger.app */,
			);
			name = Products;
			sourceTree = "<group>";
		};
		F77119682BE9F3D400C2006A /* Messenger */ = {
			isa = PBXGroup;
			children = (
				F771197B2BE9F40800C2006A /* App */,
				F771197A2BE9F40700C2006A /* Core */,
				F77119792BE9F40500C2006A /* Extensions */,
				F77119782BE9F40300C2006A /* Model */,
				F77119772BE9F40100C2006A /* Service */,
				F7CBBCF92BEF47F6009B4EAE /* GoogleService-Info.plist */,
				F771196D2BE9F3D500C2006A /* Assets.xcassets */,
				F771196F2BE9F3D500C2006A /* Preview Content */,
			);
			path = Messenger;
			sourceTree = "<group>";
		};
		F771196F2BE9F3D500C2006A /* Preview Content */ = {
			isa = PBXGroup;
			children = (
				F77119702BE9F3D500C2006A /* Preview Assets.xcassets */,
			);
			path = "Preview Content";
			sourceTree = "<group>";
		};
		F77119772BE9F40100C2006A /* Service */ = {
			isa = PBXGroup;
			children = (
				F77A8FCF2BF0AAAB006FE227 /* UserService.swift */,
			);
			path = Service;
			sourceTree = "<group>";
		};
		F77119782BE9F40300C2006A /* Model */ = {
			isa = PBXGroup;
			children = (
				F7D96C582BEE65EE008ACFFB /* User.swift */,
			);
			path = Model;
			sourceTree = "<group>";
		};
		F77119792BE9F40500C2006A /* Extensions */ = {
			isa = PBXGroup;
			children = (
			);
			path = Extensions;
			sourceTree = "<group>";
		};
		F771197A2BE9F40700C2006A /* Core */ = {
			isa = PBXGroup;
			children = (
				F775C0BB2BEB6F9900DACED2 /* ActiveNow */,
				F771197D2BE9F46000C2006A /* Authentication */,
				F7CBBCF22BEF3297009B4EAE /* Chat */,
				F7D96C5A2BEE6B4A008ACFFB /* Components */,
				F775C0B82BEB6C2D00DACED2 /* Inbox */,
				F771A5C82BEDF9A10074D9CF /* NewMessage */,
				F771A5CB2BEDFFCC0074D9CF /* Profile */,
				F771197C2BE9F45F00C2006A /* Root */,
			);
			path = Core;
			sourceTree = "<group>";
		};
		F771197B2BE9F40800C2006A /* App */ = {
			isa = PBXGroup;
			children = (
				F77119692BE9F3D400C2006A /* MessengerApp.swift */,
			);
			path = App;
			sourceTree = "<group>";
		};
		F771197C2BE9F45F00C2006A /* Root */ = {
			isa = PBXGroup;
			children = (
				F77A8FCC2BEFAB1F006FE227 /* View */,
				F77A8FCB2BEFAB1C006FE227 /* ViewModel */,
			);
			path = Root;
			sourceTree = "<group>";
		};
		F771197D2BE9F46000C2006A /* Authentication */ = {
			isa = PBXGroup;
			children = (
				F7CBBD052BEF4A6C009B4EAE /* Service */,
				F7CBBD042BEF4A69009B4EAE /* ViewModel */,
				F771197E2BE9F47D00C2006A /* View */,
			);
			path = Authentication;
			sourceTree = "<group>";
		};
		F771197E2BE9F47D00C2006A /* View */ = {
			isa = PBXGroup;
			children = (
				F771197F2BE9F48C00C2006A /* LoginView.swift */,
				F775C0B62BEB56F000DACED2 /* ResgistrationView.swift */,
			);
			path = View;
			sourceTree = "<group>";
		};
		F771A5C82BEDF9A10074D9CF /* NewMessage */ = {
			isa = PBXGroup;
			children = (
				F77A8FD62BF1F2FA006FE227 /* View */,
				F77A8FD52BF1F2F8006FE227 /* ViewModel */,
			);
			path = NewMessage;
			sourceTree = "<group>";
		};
		F771A5CB2BEDFFCC0074D9CF /* Profile */ = {
			isa = PBXGroup;
			children = (
				F771A5CE2BEDFFE30074D9CF /* View */,
				F771A5CC2BEDFFDD0074D9CF /* ViewModel */,
			);
			path = Profile;
			sourceTree = "<group>";
		};
		F771A5CC2BEDFFDD0074D9CF /* ViewModel */ = {
			isa = PBXGroup;
			children = (
				F771A5D12BEE03480074D9CF /* SettingsOptionsViewModel.swift */,
				F771A5D32BEE1AE80074D9CF /* ProfileViewModel.swift */,
			);
			path = ViewModel;
			sourceTree = "<group>";
		};
		F771A5CE2BEDFFE30074D9CF /* View */ = {
			isa = PBXGroup;
			children = (
				F771A5CF2BEE00B70074D9CF /* ProfileView.swift */,
			);
			path = View;
			sourceTree = "<group>";
		};
		F775C0B82BEB6C2D00DACED2 /* Inbox */ = {
			isa = PBXGroup;
			children = (
				F77A8FD22BF0C4E9006FE227 /* View */,
				F77A8FD12BF0C4E8006FE227 /* ViewModel */,
			);
			path = Inbox;
			sourceTree = "<group>";
		};
		F775C0BB2BEB6F9900DACED2 /* ActiveNow */ = {
			isa = PBXGroup;
			children = (
				F775C0BC2BEB6FAF00DACED2 /* ActiveNowView.swift */,
			);
			path = ActiveNow;
			sourceTree = "<group>";
		};
		F77A8FCB2BEFAB1C006FE227 /* ViewModel */ = {
			isa = PBXGroup;
			children = (
				F77A8FCD2BEFAB35006FE227 /* ContentViewModel.swift */,
			);
			path = ViewModel;
			sourceTree = "<group>";
		};
		F77A8FCC2BEFAB1F006FE227 /* View */ = {
			isa = PBXGroup;
			children = (
				F771196B2BE9F3D400C2006A /* ContentView.swift */,
			);
			path = View;
			sourceTree = "<group>";
		};
		F77A8FD12BF0C4E8006FE227 /* ViewModel */ = {
			isa = PBXGroup;
			children = (
				F77A8FD32BF0C518006FE227 /* InboxViewModel.swift */,
			);
			path = ViewModel;
			sourceTree = "<group>";
		};
		F77A8FD22BF0C4E9006FE227 /* View */ = {
			isa = PBXGroup;
			children = (
				F775C0B92BEB6C4600DACED2 /* InboxView.swift */,
				F775C0BE2BEB71C100DACED2 /* InboxRowView.swift */,
			);
			path = View;
			sourceTree = "<group>";
		};
		F77A8FD52BF1F2F8006FE227 /* ViewModel */ = {
			isa = PBXGroup;
			children = (
				F77A8FD72BF1F314006FE227 /* NewMessageViewModel.swift */,
			);
			path = ViewModel;
			sourceTree = "<group>";
		};
		F77A8FD62BF1F2FA006FE227 /* View */ = {
			isa = PBXGroup;
			children = (
				F771A5C92BEDF9CA0074D9CF /* NewMessageView.swift */,
			);
			path = View;
			sourceTree = "<group>";
		};
		F7CBBCF22BEF3297009B4EAE /* Chat */ = {
			isa = PBXGroup;
			children = (
				F7CBBCF32BEF32CC009B4EAE /* ChatView.swift */,
				F7CBBCF52BEF37FE009B4EAE /* ChatMessageCell.swift */,
				F7CBBCF72BEF3B83009B4EAE /* ChatBubble.swift */,
			);
			path = Chat;
			sourceTree = "<group>";
		};
		F7CBBD042BEF4A69009B4EAE /* ViewModel */ = {
			isa = PBXGroup;
			children = (
				F7CBBD062BEF4A8F009B4EAE /* LoginViewModel.swift */,
				F7CBBD082BEF4AA1009B4EAE /* RegistrationViewModel.swift */,
			);
			path = ViewModel;
			sourceTree = "<group>";
		};
		F7CBBD052BEF4A6C009B4EAE /* Service */ = {
			isa = PBXGroup;
			children = (
				F7CBBD0A2BEF4AAE009B4EAE /* AuthService.swift */,
			);
			path = Service;
			sourceTree = "<group>";
		};
		F7D96C5A2BEE6B4A008ACFFB /* Components */ = {
			isa = PBXGroup;
			children = (
				F7D96C5B2BEE6B67008ACFFB /* CircularProfileImageView.swift */,
			);
			path = Components;
			sourceTree = "<group>";
		};
/* End PBXGroup section */

/* Begin PBXNativeTarget section */
		F77119652BE9F3D400C2006A /* Messenger */ = {
			isa = PBXNativeTarget;
			buildConfigurationList = F77119742BE9F3D500C2006A /* Build configuration list for PBXNativeTarget "Messenger" */;
			buildPhases = (
				F77119622BE9F3D400C2006A /* Sources */,
				F77119632BE9F3D400C2006A /* Frameworks */,
				F77119642BE9F3D400C2006A /* Resources */,
			);
			buildRules = (
			);
			dependencies = (
			);
			name = Messenger;
			packageProductDependencies = (
				F7CBBCFC2BEF4934009B4EAE /* FirebaseAuth */,
				F7CBBCFE2BEF4934009B4EAE /* FirebaseFirestore */,
				F7CBBD002BEF4934009B4EAE /* FirebaseFirestoreSwift */,
				F7CBBD022BEF4934009B4EAE /* FirebaseStorage */,
			);
			productName = Messenger;
			productReference = F77119662BE9F3D400C2006A /* Messenger.app */;
			productType = "com.apple.product-type.application";
		};
/* End PBXNativeTarget section */

/* Begin PBXProject section */
		F771195E2BE9F3D400C2006A /* Project object */ = {
			isa = PBXProject;
			attributes = {
				BuildIndependentTargetsInParallel = 1;
				LastSwiftUpdateCheck = 1530;
				LastUpgradeCheck = 1530;
				TargetAttributes = {
					F77119652BE9F3D400C2006A = {
						CreatedOnToolsVersion = 15.3;
					};
				};
			};
			buildConfigurationList = F77119612BE9F3D400C2006A /* Build configuration list for PBXProject "Messenger" */;
			compatibilityVersion = "Xcode 14.0";
			developmentRegion = en;
			hasScannedForEncodings = 0;
			knownRegions = (
				en,
				Base,
			);
			mainGroup = F771195D2BE9F3D400C2006A;
			packageReferences = (
				F7CBBCFB2BEF4934009B4EAE /* XCRemoteSwiftPackageReference "firebase-ios-sdk" */,
			);
			productRefGroup = F77119672BE9F3D400C2006A /* Products */;
			projectDirPath = "";
			projectRoot = "";
			targets = (
				F77119652BE9F3D400C2006A /* Messenger */,
			);
		};
/* End PBXProject section */

/* Begin PBXResourcesBuildPhase section */
		F77119642BE9F3D400C2006A /* Resources */ = {
			isa = PBXResourcesBuildPhase;
			buildActionMask = 2147483647;
			files = (
				F77119712BE9F3D500C2006A /* Preview Assets.xcassets in Resources */,
				F771196E2BE9F3D500C2006A /* Assets.xcassets in Resources */,
				F7CBBCFA2BEF47F6009B4EAE /* GoogleService-Info.plist in Resources */,
			);
			runOnlyForDeploymentPostprocessing = 0;
		};
/* End PBXResourcesBuildPhase section */

/* Begin PBXSourcesBuildPhase section */
		F77119622BE9F3D400C2006A /* Sources */ = {
			isa = PBXSourcesBuildPhase;
			buildActionMask = 2147483647;
			files = (
				F775C0BF2BEB71C100DACED2 /* InboxRowView.swift in Sources */,
				F77A8FD42BF0C518006FE227 /* InboxViewModel.swift in Sources */,
				F7CBBD092BEF4AA1009B4EAE /* RegistrationViewModel.swift in Sources */,
				F771A5D02BEE00B70074D9CF /* ProfileView.swift in Sources */,
				F771A5CA2BEDF9CA0074D9CF /* NewMessageView.swift in Sources */,
				F77A8FCE2BEFAB35006FE227 /* ContentViewModel.swift in Sources */,
				F77119802BE9F48C00C2006A /* LoginView.swift in Sources */,
				F7CBBCF42BEF32CC009B4EAE /* ChatView.swift in Sources */,
				F7CBBD0B2BEF4AAE009B4EAE /* AuthService.swift in Sources */,
				F771196C2BE9F3D400C2006A /* ContentView.swift in Sources */,
				F7CBBCF62BEF37FE009B4EAE /* ChatMessageCell.swift in Sources */,
				F7CBBCF82BEF3B83009B4EAE /* ChatBubble.swift in Sources */,
				F7D96C5C2BEE6B67008ACFFB /* CircularProfileImageView.swift in Sources */,
				F775C0BA2BEB6C4600DACED2 /* InboxView.swift in Sources */,
				F7CBBD072BEF4A8F009B4EAE /* LoginViewModel.swift in Sources */,
				F77A8FD82BF1F314006FE227 /* NewMessageViewModel.swift in Sources */,
				F77A8FD02BF0AAAB006FE227 /* UserService.swift in Sources */,
				F775C0BD2BEB6FAF00DACED2 /* ActiveNowView.swift in Sources */,
				F771A5D42BEE1AE80074D9CF /* ProfileViewModel.swift in Sources */,
				F7D96C592BEE65EE008ACFFB /* User.swift in Sources */,
				F771196A2BE9F3D400C2006A /* MessengerApp.swift in Sources */,
				F771A5D22BEE03480074D9CF /* SettingsOptionsViewModel.swift in Sources */,
				F775C0B72BEB56F000DACED2 /* ResgistrationView.swift in Sources */,
			);
			runOnlyForDeploymentPostprocessing = 0;
		};
/* End PBXSourcesBuildPhase section */

/* Begin XCBuildConfiguration section */
		F77119722BE9F3D500C2006A /* Debug */ = {
			isa = XCBuildConfiguration;
			buildSettings = {
				ALWAYS_SEARCH_USER_PATHS = NO;
				ASSETCATALOG_COMPILER_GENERATE_SWIFT_ASSET_SYMBOL_EXTENSIONS = YES;
				CLANG_ANALYZER_NONNULL = YES;
				CLANG_ANALYZER_NUMBER_OBJECT_CONVERSION = YES_AGGRESSIVE;
				CLANG_CXX_LANGUAGE_STANDARD = "gnu++20";
				CLANG_ENABLE_MODULES = YES;
				CLANG_ENABLE_OBJC_ARC = YES;
				CLANG_ENABLE_OBJC_WEAK = YES;
				CLANG_WARN_BLOCK_CAPTURE_AUTORELEASING = YES;
				CLANG_WARN_BOOL_CONVERSION = YES;
				CLANG_WARN_COMMA = YES;
				CLANG_WARN_CONSTANT_CONVERSION = YES;
				CLANG_WARN_DEPRECATED_OBJC_IMPLEMENTATIONS = YES;
				CLANG_WARN_DIRECT_OBJC_ISA_USAGE = YES_ERROR;
				CLANG_WARN_DOCUMENTATION_COMMENTS = YES;
				CLANG_WARN_EMPTY_BODY = YES;
				CLANG_WARN_ENUM_CONVERSION = YES;
				CLANG_WARN_INFINITE_RECURSION = YES;
				CLANG_WARN_INT_CONVERSION = YES;
				CLANG_WARN_NON_LITERAL_NULL_CONVERSION = YES;
				CLANG_WARN_OBJC_IMPLICIT_RETAIN_SELF = YES;
				CLANG_WARN_OBJC_LITERAL_CONVERSION = YES;
				CLANG_WARN_OBJC_ROOT_CLASS = YES_ERROR;
				CLANG_WARN_QUOTED_INCLUDE_IN_FRAMEWORK_HEADER = YES;
				CLANG_WARN_RANGE_LOOP_ANALYSIS = YES;
				CLANG_WARN_STRICT_PROTOTYPES = YES;
				CLANG_WARN_SUSPICIOUS_MOVE = YES;
				CLANG_WARN_UNGUARDED_AVAILABILITY = YES_AGGRESSIVE;
				CLANG_WARN_UNREACHABLE_CODE = YES;
				CLANG_WARN__DUPLICATE_METHOD_MATCH = YES;
				COPY_PHASE_STRIP = NO;
				DEBUG_INFORMATION_FORMAT = dwarf;
				ENABLE_STRICT_OBJC_MSGSEND = YES;
				ENABLE_TESTABILITY = YES;
				ENABLE_USER_SCRIPT_SANDBOXING = YES;
				GCC_C_LANGUAGE_STANDARD = gnu17;
				GCC_DYNAMIC_NO_PIC = NO;
				GCC_NO_COMMON_BLOCKS = YES;
				GCC_OPTIMIZATION_LEVEL = 0;
				GCC_PREPROCESSOR_DEFINITIONS = (
					"DEBUG=1",
					"$(inherited)",
				);
				GCC_WARN_64_TO_32_BIT_CONVERSION = YES;
				GCC_WARN_ABOUT_RETURN_TYPE = YES_ERROR;
				GCC_WARN_UNDECLARED_SELECTOR = YES;
				GCC_WARN_UNINITIALIZED_AUTOS = YES_AGGRESSIVE;
				GCC_WARN_UNUSED_FUNCTION = YES;
				GCC_WARN_UNUSED_VARIABLE = YES;
				IPHONEOS_DEPLOYMENT_TARGET = 17.4;
				LOCALIZATION_PREFERS_STRING_CATALOGS = YES;
				MTL_ENABLE_DEBUG_INFO = INCLUDE_SOURCE;
				MTL_FAST_MATH = YES;
				ONLY_ACTIVE_ARCH = YES;
				SDKROOT = iphoneos;
				SWIFT_ACTIVE_COMPILATION_CONDITIONS = "DEBUG $(inherited)";
				SWIFT_OPTIMIZATION_LEVEL = "-Onone";
			};
			name = Debug;
		};
		F77119732BE9F3D500C2006A /* Release */ = {
			isa = XCBuildConfiguration;
			buildSettings = {
				ALWAYS_SEARCH_USER_PATHS = NO;
				ASSETCATALOG_COMPILER_GENERATE_SWIFT_ASSET_SYMBOL_EXTENSIONS = YES;
				CLANG_ANALYZER_NONNULL = YES;
				CLANG_ANALYZER_NUMBER_OBJECT_CONVERSION = YES_AGGRESSIVE;
				CLANG_CXX_LANGUAGE_STANDARD = "gnu++20";
				CLANG_ENABLE_MODULES = YES;
				CLANG_ENABLE_OBJC_ARC = YES;
				CLANG_ENABLE_OBJC_WEAK = YES;
				CLANG_WARN_BLOCK_CAPTURE_AUTORELEASING = YES;
				CLANG_WARN_BOOL_CONVERSION = YES;
				CLANG_WARN_COMMA = YES;
				CLANG_WARN_CONSTANT_CONVERSION = YES;
				CLANG_WARN_DEPRECATED_OBJC_IMPLEMENTATIONS = YES;
				CLANG_WARN_DIRECT_OBJC_ISA_USAGE = YES_ERROR;
				CLANG_WARN_DOCUMENTATION_COMMENTS = YES;
				CLANG_WARN_EMPTY_BODY = YES;
				CLANG_WARN_ENUM_CONVERSION = YES;
				CLANG_WARN_INFINITE_RECURSION = YES;
				CLANG_WARN_INT_CONVERSION = YES;
				CLANG_WARN_NON_LITERAL_NULL_CONVERSION = YES;
				CLANG_WARN_OBJC_IMPLICIT_RETAIN_SELF = YES;
				CLANG_WARN_OBJC_LITERAL_CONVERSION = YES;
				CLANG_WARN_OBJC_ROOT_CLASS = YES_ERROR;
				CLANG_WARN_QUOTED_INCLUDE_IN_FRAMEWORK_HEADER = YES;
				CLANG_WARN_RANGE_LOOP_ANALYSIS = YES;
				CLANG_WARN_STRICT_PROTOTYPES = YES;
				CLANG_WARN_SUSPICIOUS_MOVE = YES;
				CLANG_WARN_UNGUARDED_AVAILABILITY = YES_AGGRESSIVE;
				CLANG_WARN_UNREACHABLE_CODE = YES;
				CLANG_WARN__DUPLICATE_METHOD_MATCH = YES;
				COPY_PHASE_STRIP = NO;
				DEBUG_INFORMATION_FORMAT = "dwarf-with-dsym";
				ENABLE_NS_ASSERTIONS = NO;
				ENABLE_STRICT_OBJC_MSGSEND = YES;
				ENABLE_USER_SCRIPT_SANDBOXING = YES;
				GCC_C_LANGUAGE_STANDARD = gnu17;
				GCC_NO_COMMON_BLOCKS = YES;
				GCC_WARN_64_TO_32_BIT_CONVERSION = YES;
				GCC_WARN_ABOUT_RETURN_TYPE = YES_ERROR;
				GCC_WARN_UNDECLARED_SELECTOR = YES;
				GCC_WARN_UNINITIALIZED_AUTOS = YES_AGGRESSIVE;
				GCC_WARN_UNUSED_FUNCTION = YES;
				GCC_WARN_UNUSED_VARIABLE = YES;
				IPHONEOS_DEPLOYMENT_TARGET = 17.4;
				LOCALIZATION_PREFERS_STRING_CATALOGS = YES;
				MTL_ENABLE_DEBUG_INFO = NO;
				MTL_FAST_MATH = YES;
				SDKROOT = iphoneos;
				SWIFT_COMPILATION_MODE = wholemodule;
				VALIDATE_PRODUCT = YES;
			};
			name = Release;
		};
		F77119752BE9F3D500C2006A /* Debug */ = {
			isa = XCBuildConfiguration;
			buildSettings = {
				ASSETCATALOG_COMPILER_APPICON_NAME = AppIcon;
				ASSETCATALOG_COMPILER_GLOBAL_ACCENT_COLOR_NAME = AccentColor;
				CODE_SIGN_STYLE = Automatic;
				CURRENT_PROJECT_VERSION = 1;
				DEVELOPMENT_ASSET_PATHS = "\"Messenger/Preview Content\"";
				DEVELOPMENT_TEAM = Q2XG7N243L;
				ENABLE_PREVIEWS = YES;
				GENERATE_INFOPLIST_FILE = YES;
				INFOPLIST_KEY_UIApplicationSceneManifest_Generation = YES;
				INFOPLIST_KEY_UIApplicationSupportsIndirectInputEvents = YES;
				INFOPLIST_KEY_UILaunchScreen_Generation = YES;
				INFOPLIST_KEY_UISupportedInterfaceOrientations_iPad = "UIInterfaceOrientationPortrait UIInterfaceOrientationPortraitUpsideDown UIInterfaceOrientationLandscapeLeft UIInterfaceOrientationLandscapeRight";
				INFOPLIST_KEY_UISupportedInterfaceOrientations_iPhone = "UIInterfaceOrientationPortrait UIInterfaceOrientationLandscapeLeft UIInterfaceOrientationLandscapeRight";
				LD_RUNPATH_SEARCH_PATHS = (
					"$(inherited)",
					"@executable_path/Frameworks",
				);
				MARKETING_VERSION = 1.0;
				PRODUCT_BUNDLE_IDENTIFIER = com.Messenger;
				PRODUCT_NAME = "$(TARGET_NAME)";
				SWIFT_EMIT_LOC_STRINGS = YES;
				SWIFT_VERSION = 5.0;
				TARGETED_DEVICE_FAMILY = "1,2";
			};
			name = Debug;
		};
		F77119762BE9F3D500C2006A /* Release */ = {
			isa = XCBuildConfiguration;
			buildSettings = {
				ASSETCATALOG_COMPILER_APPICON_NAME = AppIcon;
				ASSETCATALOG_COMPILER_GLOBAL_ACCENT_COLOR_NAME = AccentColor;
				CODE_SIGN_STYLE = Automatic;
				CURRENT_PROJECT_VERSION = 1;
				DEVELOPMENT_ASSET_PATHS = "\"Messenger/Preview Content\"";
				DEVELOPMENT_TEAM = Q2XG7N243L;
				ENABLE_PREVIEWS = YES;
				GENERATE_INFOPLIST_FILE = YES;
				INFOPLIST_KEY_UIApplicationSceneManifest_Generation = YES;
				INFOPLIST_KEY_UIApplicationSupportsIndirectInputEvents = YES;
				INFOPLIST_KEY_UILaunchScreen_Generation = YES;
				INFOPLIST_KEY_UISupportedInterfaceOrientations_iPad = "UIInterfaceOrientationPortrait UIInterfaceOrientationPortraitUpsideDown UIInterfaceOrientationLandscapeLeft UIInterfaceOrientationLandscapeRight";
				INFOPLIST_KEY_UISupportedInterfaceOrientations_iPhone = "UIInterfaceOrientationPortrait UIInterfaceOrientationLandscapeLeft UIInterfaceOrientationLandscapeRight";
				LD_RUNPATH_SEARCH_PATHS = (
					"$(inherited)",
					"@executable_path/Frameworks",
				);
				MARKETING_VERSION = 1.0;
				PRODUCT_BUNDLE_IDENTIFIER = com.Messenger;
				PRODUCT_NAME = "$(TARGET_NAME)";
				SWIFT_EMIT_LOC_STRINGS = YES;
				SWIFT_VERSION = 5.0;
				TARGETED_DEVICE_FAMILY = "1,2";
			};
			name = Release;
		};
/* End XCBuildConfiguration section */

/* Begin XCConfigurationList section */
		F77119612BE9F3D400C2006A /* Build configuration list for PBXProject "Messenger" */ = {
			isa = XCConfigurationList;
			buildConfigurations = (
				F77119722BE9F3D500C2006A /* Debug */,
				F77119732BE9F3D500C2006A /* Release */,
			);
			defaultConfigurationIsVisible = 0;
			defaultConfigurationName = Release;
		};
		F77119742BE9F3D500C2006A /* Build configuration list for PBXNativeTarget "Messenger" */ = {
			isa = XCConfigurationList;
			buildConfigurations = (
				F77119752BE9F3D500C2006A /* Debug */,
				F77119762BE9F3D500C2006A /* Release */,
			);
			defaultConfigurationIsVisible = 0;
			defaultConfigurationName = Release;
		};
/* End XCConfigurationList section */

/* Begin XCRemoteSwiftPackageReference section */
		F7CBBCFB2BEF4934009B4EAE /* XCRemoteSwiftPackageReference "firebase-ios-sdk" */ = {
			isa = XCRemoteSwiftPackageReference;
			repositoryURL = "https://github.com/firebase/firebase-ios-sdk";
			requirement = {
				kind = upToNextMajorVersion;
				minimumVersion = 10.25.0;
			};
		};
/* End XCRemoteSwiftPackageReference section */

/* Begin XCSwiftPackageProductDependency section */
		F7CBBCFC2BEF4934009B4EAE /* FirebaseAuth */ = {
			isa = XCSwiftPackageProductDependency;
			package = F7CBBCFB2BEF4934009B4EAE /* XCRemoteSwiftPackageReference "firebase-ios-sdk" */;
			productName = FirebaseAuth;
		};
		F7CBBCFE2BEF4934009B4EAE /* FirebaseFirestore */ = {
			isa = XCSwiftPackageProductDependency;
			package = F7CBBCFB2BEF4934009B4EAE /* XCRemoteSwiftPackageReference "firebase-ios-sdk" */;
			productName = FirebaseFirestore;
		};
		F7CBBD002BEF4934009B4EAE /* FirebaseFirestoreSwift */ = {
			isa = XCSwiftPackageProductDependency;
			package = F7CBBCFB2BEF4934009B4EAE /* XCRemoteSwiftPackageReference "firebase-ios-sdk" */;
			productName = FirebaseFirestoreSwift;
		};
		F7CBBD022BEF4934009B4EAE /* FirebaseStorage */ = {
			isa = XCSwiftPackageProductDependency;
			package = F7CBBCFB2BEF4934009B4EAE /* XCRemoteSwiftPackageReference "firebase-ios-sdk" */;
			productName = FirebaseStorage;
		};
/* End XCSwiftPackageProductDependency section */
	};
	rootObject = F771195E2BE9F3D400C2006A /* Project object */;
}
